
Microsoft Visual Studio Solution File, Format Version 12.00
# Visual Studio Version 16
VisualStudioVersion = 16.0.32228.343
MinimumVisualStudioVersion = 10.0.40219.1
Project("{FAE04EC0-301F-11D3-BF4B-00C04F79EFBC}") = "Leilao", "Leilao\Leilao.csproj", "{96924CA2-33B7-41CC-93DE-B9A15ECE19EE}"
EndProject
Global
	GlobalSection(SolutionConfigurationPlatforms) = preSolution
		Debug|Any CPU = Debug|Any CPU
		Release|Any CPU = Release|Any CPU
	EndGlobalSection
	GlobalSection(ProjectConfigurationPlatforms) = postSolution
		{96924CA2-33B7-41CC-93DE-B9A15ECE19EE}.Debug|Any CPU.ActiveCfg = Debug|Any CPU
		{96924CA2-33B7-41CC-93DE-B9A15ECE19EE}.Debug|Any CPU.Build.0 = Debug|Any CPU
		{96924CA2-33B7-41CC-93DE-B9A15ECE19EE}.Release|Any CPU.ActiveCfg = Release|Any CPU
		{96924CA2-33B7-41CC-93DE-B9A15ECE19EE}.Release|Any CPU.Build.0 = Release|Any CPU
	EndGlobalSection
	GlobalSection(SolutionProperties) = preSolution
		HideSolutionNode = FALSE
	EndGlobalSection
	GlobalSection(ExtensibilityGlobals) = postSolution
		SolutionGuid = {033B76C8-46E5-467E-BCBE-F201260D7A38}
	EndGlobalSection
EndGlobal
